
Microsoft Visual Studio Solution File, Format Version 12.00
# Visual Studio Version 17
VisualStudioVersion = 17.0.31903.59
MinimumVisualStudioVersion = 10.0.40219.1
Project("{FAE04EC0-301F-11D3-BF4B-00C04F79EFBC}") = "Core", "Core\Core.csproj", "{0148E4BC-4B2B-46E8-A61B-47F4585F0FE0}"
EndProject
Project("{FAE04EC0-301F-11D3-BF4B-00C04F79EFBC}") = "Application", "Application\Application.csproj", "{E20D8049-E96E-4306-BF3B-CD71C06821E9}"
EndProject
Project("{FAE04EC0-301F-11D3-BF4B-00C04F79EFBC}") = "Infrastructure", "Infrastructure\Infrastructure.csproj", "{E5860E48-56CA-4EE6-9728-D8B31A5100AB}"
EndProject
Project("{FAE04EC0-301F-11D3-BF4B-00C04F79EFBC}") = "API", "API\API.csproj", "{F6D957AB-5F1F-41F7-BEBB-B783A03F21E9}"
EndProject
Global
	GlobalSection(SolutionConfigurationPlatforms) = preSolution
		Debug|Any CPU = Debug|Any CPU
		Debug|x64 = Debug|x64
		Debug|x86 = Debug|x86
		Release|Any CPU = Release|Any CPU
		Release|x64 = Release|x64
		Release|x86 = Release|x86
	EndGlobalSection
	GlobalSection(ProjectConfigurationPlatforms) = postSolution
		{0148E4BC-4B2B-46E8-A61B-47F4585F0FE0}.Debug|Any CPU.ActiveCfg = Debug|Any CPU
		{0148E4BC-4B2B-46E8-A61B-47F4585F0FE0}.Debug|Any CPU.Build.0 = Debug|Any CPU
		{0148E4BC-4B2B-46E8-A61B-47F4585F0FE0}.Debug|x64.ActiveCfg = Debug|Any CPU
		{0148E4BC-4B2B-46E8-A61B-47F4585F0FE0}.Debug|x64.Build.0 = Debug|Any CPU
		{0148E4BC-4B2B-46E8-A61B-47F4585F0FE0}.Debug|x86.ActiveCfg = Debug|Any CPU
		{0148E4BC-4B2B-46E8-A61B-47F4585F0FE0}.Debug|x86.Build.0 = Debug|Any CPU
		{0148E4BC-4B2B-46E8-A61B-47F4585F0FE0}.Release|Any CPU.ActiveCfg = Release|Any CPU
		{0148E4BC-4B2B-46E8-A61B-47F4585F0FE0}.Release|Any CPU.Build.0 = Release|Any CPU
		{0148E4BC-4B2B-46E8-A61B-47F4585F0FE0}.Release|x64.ActiveCfg = Release|Any CPU
		{0148E4BC-4B2B-46E8-A61B-47F4585F0FE0}.Release|x64.Build.0 = Release|Any CPU
		{0148E4BC-4B2B-46E8-A61B-47F4585F0FE0}.Release|x86.ActiveCfg = Release|Any CPU
		{0148E4BC-4B2B-46E8-A61B-47F4585F0FE0}.Release|x86.Build.0 = Release|Any CPU
		{E20D8049-E96E-4306-BF3B-CD71C06821E9}.Debug|Any CPU.ActiveCfg = Debug|Any CPU
		{E20D8049-E96E-4306-BF3B-CD71C06821E9}.Debug|Any CPU.Build.0 = Debug|Any CPU
		{E20D8049-E96E-4306-BF3B-CD71C06821E9}.Debug|x64.ActiveCfg = Debug|Any CPU
		{E20D8049-E96E-4306-BF3B-CD71C06821E9}.Debug|x64.Build.0 = Debug|Any CPU
		{E20D8049-E96E-4306-BF3B-CD71C06821E9}.Debug|x86.ActiveCfg = Debug|Any CPU
		{E20D8049-E96E-4306-BF3B-CD71C06821E9}.Debug|x86.Build.0 = Debug|Any CPU
		{E20D8049-E96E-4306-BF3B-CD71C06821E9}.Release|Any CPU.ActiveCfg = Release|Any CPU
		{E20D8049-E96E-4306-BF3B-CD71C06821E9}.Release|Any CPU.Build.0 = Release|Any CPU
		{E20D8049-E96E-4306-BF3B-CD71C06821E9}.Release|x64.ActiveCfg = Release|Any CPU
		{E20D8049-E96E-4306-BF3B-CD71C06821E9}.Release|x64.Build.0 = Release|Any CPU
		{E20D8049-E96E-4306-BF3B-CD71C06821E9}.Release|x86.ActiveCfg = Release|Any CPU
		{E20D8049-E96E-4306-BF3B-CD71C06821E9}.Release|x86.Build.0 = Release|Any CPU
		{E5860E48-56CA-4EE6-9728-D8B31A5100AB}.Debug|Any CPU.ActiveCfg = Debug|Any CPU
		{E5860E48-56CA-4EE6-9728-D8B31A5100AB}.Debug|Any CPU.Build.0 = Debug|Any CPU
		{E5860E48-56CA-4EE6-9728-D8B31A5100AB}.Debug|x64.ActiveCfg = Debug|Any CPU
		{E5860E48-56CA-4EE6-9728-D8B31A5100AB}.Debug|x64.Build.0 = Debug|Any CPU
		{E5860E48-56CA-4EE6-9728-D8B31A5100AB}.Debug|x86.ActiveCfg = Debug|Any CPU
		{E5860E48-56CA-4EE6-9728-D8B31A5100AB}.Debug|x86.Build.0 = Debug|Any CPU
		{E5860E48-56CA-4EE6-9728-D8B31A5100AB}.Release|Any CPU.ActiveCfg = Release|Any CPU
		{E5860E48-56CA-4EE6-9728-D8B31A5100AB}.Release|Any CPU.Build.0 = Release|Any CPU
		{E5860E48-56CA-4EE6-9728-D8B31A5100AB}.Release|x64.ActiveCfg = Release|Any CPU
		{E5860E48-56CA-4EE6-9728-D8B31A5100AB}.Release|x64.Build.0 = Release|Any CPU
		{E5860E48-56CA-4EE6-9728-D8B31A5100AB}.Release|x86.ActiveCfg = Release|Any CPU
		{E5860E48-56CA-4EE6-9728-D8B31A5100AB}.Release|x86.Build.0 = Release|Any CPU
		{F6D957AB-5F1F-41F7-BEBB-B783A03F21E9}.Debug|Any CPU.ActiveCfg = Debug|Any CPU
		{F6D957AB-5F1F-41F7-BEBB-B783A03F21E9}.Debug|Any CPU.Build.0 = Debug|Any CPU
		{F6D957AB-5F1F-41F7-BEBB-B783A03F21E9}.Debug|x64.ActiveCfg = Debug|Any CPU
		{F6D957AB-5F1F-41F7-BEBB-B783A03F21E9}.Debug|x64.Build.0 = Debug|Any CPU
		{F6D957AB-5F1F-41F7-BEBB-B783A03F21E9}.Debug|x86.ActiveCfg = Debug|Any CPU
		{F6D957AB-5F1F-41F7-BEBB-B783A03F21E9}.Debug|x86.Build.0 = Debug|Any CPU
		{F6D957AB-5F1F-41F7-BEBB-B783A03F21E9}.Release|Any CPU.ActiveCfg = Release|Any CPU
		{F6D957AB-5F1F-41F7-BEBB-B783A03F21E9}.Release|Any CPU.Build.0 = Release|Any CPU
		{F6D957AB-5F1F-41F7-BEBB-B783A03F21E9}.Release|x64.ActiveCfg = Release|Any CPU
		{F6D957AB-5F1F-41F7-BEBB-B783A03F21E9}.Release|x64.Build.0 = Release|Any CPU
		{F6D957AB-5F1F-41F7-BEBB-B783A03F21E9}.Release|x86.ActiveCfg = Release|Any CPU
		{F6D957AB-5F1F-41F7-BEBB-B783A03F21E9}.Release|x86.Build.0 = Release|Any CPU
	EndGlobalSection
	GlobalSection(SolutionProperties) = preSolution
		HideSolutionNode = FALSE
	EndGlobalSection
EndGlobal
